
Microsoft Visual Studio Solution File, Format Version 12.00
# Visual Studio Version 17
VisualStudioVersion = 17.1.32228.430
MinimumVisualStudioVersion = 10.0.40219.1
Project("{FAE04EC0-301F-11D3-BF4B-00C04F79EFBC}") = "exercise1", "exercise1\exercise1.csproj", "{73AC3E6B-2383-4AC6-9CB0-577A41A8A33E}"
EndProject
Global
	GlobalSection(SolutionConfigurationPlatforms) = preSolution
		Debug|Any CPU = Debug|Any CPU
		Release|Any CPU = Release|Any CPU
	EndGlobalSection
	GlobalSection(ProjectConfigurationPlatforms) = postSolution
		{73AC3E6B-2383-4AC6-9CB0-577A41A8A33E}.Debug|Any CPU.ActiveCfg = Debug|Any CPU
		{73AC3E6B-2383-4AC6-9CB0-577A41A8A33E}.Debug|Any CPU.Build.0 = Debug|Any CPU
		{73AC3E6B-2383-4AC6-9CB0-577A41A8A33E}.Release|Any CPU.ActiveCfg = Release|Any CPU
		{73AC3E6B-2383-4AC6-9CB0-577A41A8A33E}.Release|Any CPU.Build.0 = Release|Any CPU
	EndGlobalSection
	GlobalSection(SolutionProperties) = preSolution
		HideSolutionNode = FALSE
	EndGlobalSection
	GlobalSection(ExtensibilityGlobals) = postSolution
		SolutionGuid = {B093F33A-47E6-4484-BB8D-7F43E54F06AA}
	EndGlobalSection
EndGlobal
