
Microsoft Visual Studio Solution File, Format Version 12.00
# Visual Studio Version 17
VisualStudioVersion = 17.1.32228.430
MinimumVisualStudioVersion = 10.0.40219.1
Project("{FAE04EC0-301F-11D3-BF4B-00C04F79EFBC}") = "exercise1", "exercise1\exercise1.csproj", "{2F9B43A6-28CC-474E-BB18-72D1A464DB8D}"
EndProject
Global
	GlobalSection(SolutionConfigurationPlatforms) = preSolution
		Debug|Any CPU = Debug|Any CPU
		Release|Any CPU = Release|Any CPU
	EndGlobalSection
	GlobalSection(ProjectConfigurationPlatforms) = postSolution
		{2F9B43A6-28CC-474E-BB18-72D1A464DB8D}.Debug|Any CPU.ActiveCfg = Debug|Any CPU
		{2F9B43A6-28CC-474E-BB18-72D1A464DB8D}.Debug|Any CPU.Build.0 = Debug|Any CPU
		{2F9B43A6-28CC-474E-BB18-72D1A464DB8D}.Release|Any CPU.ActiveCfg = Release|Any CPU
		{2F9B43A6-28CC-474E-BB18-72D1A464DB8D}.Release|Any CPU.Build.0 = Release|Any CPU
	EndGlobalSection
	GlobalSection(SolutionProperties) = preSolution
		HideSolutionNode = FALSE
	EndGlobalSection
	GlobalSection(ExtensibilityGlobals) = postSolution
		SolutionGuid = {8C7AEB14-A616-410D-A019-609B55429DF2}
	EndGlobalSection
EndGlobal
